
Microsoft Visual Studio Solution File, Format Version 12.00
# Visual Studio Version 17
VisualStudioVersion = 17.14.36429.23 d17.14
MinimumVisualStudioVersion = 10.0.40219.1
Project("{8BC9CEB8-8B4A-11D0-8D11-00A0C91BC942}") = "实验2.9", "实验2.9\实验2.9.vcxproj", "{D95A8D4F-6E6B-4D3E-8642-F3BF36D01A1C}"
EndProject
Global
	GlobalSection(SolutionConfigurationPlatforms) = preSolution
		Debug|x64 = Debug|x64
		Debug|x86 = Debug|x86
		Release|x64 = Release|x64
		Release|x86 = Release|x86
	EndGlobalSection
	GlobalSection(ProjectConfigurationPlatforms) = postSolution
		{D95A8D4F-6E6B-4D3E-8642-F3BF36D01A1C}.Debug|x64.ActiveCfg = Debug|x64
		{D95A8D4F-6E6B-4D3E-8642-F3BF36D01A1C}.Debug|x64.Build.0 = Debug|x64
		{D95A8D4F-6E6B-4D3E-8642-F3BF36D01A1C}.Debug|x86.ActiveCfg = Debug|Win32
		{D95A8D4F-6E6B-4D3E-8642-F3BF36D01A1C}.Debug|x86.Build.0 = Debug|Win32
		{D95A8D4F-6E6B-4D3E-8642-F3BF36D01A1C}.Release|x64.ActiveCfg = Release|x64
		{D95A8D4F-6E6B-4D3E-8642-F3BF36D01A1C}.Release|x64.Build.0 = Release|x64
		{D95A8D4F-6E6B-4D3E-8642-F3BF36D01A1C}.Release|x86.ActiveCfg = Release|Win32
		{D95A8D4F-6E6B-4D3E-8642-F3BF36D01A1C}.Release|x86.Build.0 = Release|Win32
	EndGlobalSection
	GlobalSection(SolutionProperties) = preSolution
		HideSolutionNode = FALSE
	EndGlobalSection
	GlobalSection(ExtensibilityGlobals) = postSolution
		SolutionGuid = {01A2148E-057B-4122-B699-94248E55C2C2}
	EndGlobalSection
EndGlobal
